
Microsoft Visual Studio Solution File, Format Version 12.00
# Visual Studio 15
VisualStudioVersion = 15.0.28010.2036
MinimumVisualStudioVersion = 10.0.40219.1
Project("{9A19103F-16F7-4668-BE54-9A1E7A4F7556}") = "PerfectNumbers", "PerfectNumbers\PerfectNumbers.csproj", "{D6020C25-661D-4A5D-9CA8-729741628FB6}"
EndProject
Global
	GlobalSection(SolutionConfigurationPlatforms) = preSolution
		Debug|Any CPU = Debug|Any CPU
		Release|Any CPU = Release|Any CPU
	EndGlobalSection
	GlobalSection(ProjectConfigurationPlatforms) = postSolution
		{D6020C25-661D-4A5D-9CA8-729741628FB6}.Debug|Any CPU.ActiveCfg = Debug|Any CPU
		{D6020C25-661D-4A5D-9CA8-729741628FB6}.Debug|Any CPU.Build.0 = Debug|Any CPU
		{D6020C25-661D-4A5D-9CA8-729741628FB6}.Release|Any CPU.ActiveCfg = Release|Any CPU
		{D6020C25-661D-4A5D-9CA8-729741628FB6}.Release|Any CPU.Build.0 = Release|Any CPU
	EndGlobalSection
	GlobalSection(SolutionProperties) = preSolution
		HideSolutionNode = FALSE
	EndGlobalSection
	GlobalSection(ExtensibilityGlobals) = postSolution
		SolutionGuid = {009ADC3D-C6C0-408C-A2C4-C47D377CEA99}
	EndGlobalSection
EndGlobal
